
Microsoft Visual Studio Solution File, Format Version 12.00
# Visual Studio 2013
VisualStudioVersion = 12.0.31101.0
MinimumVisualStudioVersion = 10.0.40219.1
Project("{FAE04EC0-301F-11D3-BF4B-00C04F79EFBC}") = "ProjectDataService", "ProjectDataService\ProjectDataService.csproj", "{AF384385-A4D1-42AC-B03C-C1DD98699E1B}"
EndProject
Project("{FAE04EC0-301F-11D3-BF4B-00C04F79EFBC}") = "DataModel", "DataModel\DataModel.csproj", "{EC7614B5-D664-4D47-9DFC-A50B22EA14DD}"
EndProject
Project("{FAE04EC0-301F-11D3-BF4B-00C04F79EFBC}") = "DataAccess", "DataAccess\DataAccess.csproj", "{34C71B2F-190B-4BB3-9F45-E14F5ABBA07B}"
EndProject
Project("{2150E333-8FDC-42A3-9474-1A3956D46DE8}") = "Solution Items", "Solution Items", "{D142242B-1D5D-4716-AE6B-0201A3310B3E}"
EndProject
Project("{FAE04EC0-301F-11D3-BF4B-00C04F79EFBC}") = "ProjectJediDataSource", "ProjectJediDataSource\ProjectJediDataSource.csproj", "{BF43F500-0F17-46EA-8FA9-0984A91086BC}"
EndProject
Project("{FAE04EC0-301F-11D3-BF4B-00C04F79EFBC}") = "ProjectJediApplication", "ProjectJediApplication\ProjectJediApplication.csproj", "{47D29EBE-AC12-409D-8057-C764A3B60BA4}"
EndProject
Global
	GlobalSection(SolutionConfigurationPlatforms) = preSolution
		Debug|Any CPU = Debug|Any CPU
		Debug|ARM = Debug|ARM
		Debug|x64 = Debug|x64
		Debug|x86 = Debug|x86
		Release|Any CPU = Release|Any CPU
		Release|ARM = Release|ARM
		Release|x64 = Release|x64
		Release|x86 = Release|x86
	EndGlobalSection
	GlobalSection(ProjectConfigurationPlatforms) = postSolution
		{AF384385-A4D1-42AC-B03C-C1DD98699E1B}.Debug|Any CPU.ActiveCfg = Debug|Any CPU
		{AF384385-A4D1-42AC-B03C-C1DD98699E1B}.Debug|Any CPU.Build.0 = Debug|Any CPU
		{AF384385-A4D1-42AC-B03C-C1DD98699E1B}.Debug|ARM.ActiveCfg = Debug|Any CPU
		{AF384385-A4D1-42AC-B03C-C1DD98699E1B}.Debug|x64.ActiveCfg = Debug|Any CPU
		{AF384385-A4D1-42AC-B03C-C1DD98699E1B}.Debug|x86.ActiveCfg = Debug|Any CPU
		{AF384385-A4D1-42AC-B03C-C1DD98699E1B}.Release|Any CPU.ActiveCfg = Release|Any CPU
		{AF384385-A4D1-42AC-B03C-C1DD98699E1B}.Release|Any CPU.Build.0 = Release|Any CPU
		{AF384385-A4D1-42AC-B03C-C1DD98699E1B}.Release|ARM.ActiveCfg = Release|Any CPU
		{AF384385-A4D1-42AC-B03C-C1DD98699E1B}.Release|x64.ActiveCfg = Release|Any CPU
		{AF384385-A4D1-42AC-B03C-C1DD98699E1B}.Release|x86.ActiveCfg = Release|Any CPU
		{EC7614B5-D664-4D47-9DFC-A50B22EA14DD}.Debug|Any CPU.ActiveCfg = Debug|Any CPU
		{EC7614B5-D664-4D47-9DFC-A50B22EA14DD}.Debug|Any CPU.Build.0 = Debug|Any CPU
		{EC7614B5-D664-4D47-9DFC-A50B22EA14DD}.Debug|ARM.ActiveCfg = Debug|Any CPU
		{EC7614B5-D664-4D47-9DFC-A50B22EA14DD}.Debug|x64.ActiveCfg = Debug|Any CPU
		{EC7614B5-D664-4D47-9DFC-A50B22EA14DD}.Debug|x86.ActiveCfg = Debug|Any CPU
		{EC7614B5-D664-4D47-9DFC-A50B22EA14DD}.Release|Any CPU.ActiveCfg = Release|Any CPU
		{EC7614B5-D664-4D47-9DFC-A50B22EA14DD}.Release|Any CPU.Build.0 = Release|Any CPU
		{EC7614B5-D664-4D47-9DFC-A50B22EA14DD}.Release|ARM.ActiveCfg = Release|Any CPU
		{EC7614B5-D664-4D47-9DFC-A50B22EA14DD}.Release|x64.ActiveCfg = Release|Any CPU
		{EC7614B5-D664-4D47-9DFC-A50B22EA14DD}.Release|x86.ActiveCfg = Release|Any CPU
		{34C71B2F-190B-4BB3-9F45-E14F5ABBA07B}.Debug|Any CPU.ActiveCfg = Debug|Any CPU
		{34C71B2F-190B-4BB3-9F45-E14F5ABBA07B}.Debug|Any CPU.Build.0 = Debug|Any CPU
		{34C71B2F-190B-4BB3-9F45-E14F5ABBA07B}.Debug|ARM.ActiveCfg = Debug|Any CPU
		{34C71B2F-190B-4BB3-9F45-E14F5ABBA07B}.Debug|x64.ActiveCfg = Debug|Any CPU
		{34C71B2F-190B-4BB3-9F45-E14F5ABBA07B}.Debug|x86.ActiveCfg = Debug|Any CPU
		{34C71B2F-190B-4BB3-9F45-E14F5ABBA07B}.Release|Any CPU.ActiveCfg = Release|Any CPU
		{34C71B2F-190B-4BB3-9F45-E14F5ABBA07B}.Release|Any CPU.Build.0 = Release|Any CPU
		{34C71B2F-190B-4BB3-9F45-E14F5ABBA07B}.Release|ARM.ActiveCfg = Release|Any CPU
		{34C71B2F-190B-4BB3-9F45-E14F5ABBA07B}.Release|x64.ActiveCfg = Release|Any CPU
		{34C71B2F-190B-4BB3-9F45-E14F5ABBA07B}.Release|x86.ActiveCfg = Release|Any CPU
		{BF43F500-0F17-46EA-8FA9-0984A91086BC}.Debug|Any CPU.ActiveCfg = Debug|Any CPU
		{BF43F500-0F17-46EA-8FA9-0984A91086BC}.Debug|Any CPU.Build.0 = Debug|Any CPU
		{BF43F500-0F17-46EA-8FA9-0984A91086BC}.Debug|ARM.ActiveCfg = Debug|ARM
		{BF43F500-0F17-46EA-8FA9-0984A91086BC}.Debug|ARM.Build.0 = Debug|ARM
		{BF43F500-0F17-46EA-8FA9-0984A91086BC}.Debug|x64.ActiveCfg = Debug|x64
		{BF43F500-0F17-46EA-8FA9-0984A91086BC}.Debug|x64.Build.0 = Debug|x64
		{BF43F500-0F17-46EA-8FA9-0984A91086BC}.Debug|x86.ActiveCfg = Debug|x86
		{BF43F500-0F17-46EA-8FA9-0984A91086BC}.Debug|x86.Build.0 = Debug|x86
		{BF43F500-0F17-46EA-8FA9-0984A91086BC}.Release|Any CPU.ActiveCfg = Release|Any CPU
		{BF43F500-0F17-46EA-8FA9-0984A91086BC}.Release|Any CPU.Build.0 = Release|Any CPU
		{BF43F500-0F17-46EA-8FA9-0984A91086BC}.Release|ARM.ActiveCfg = Release|ARM
		{BF43F500-0F17-46EA-8FA9-0984A91086BC}.Release|ARM.Build.0 = Release|ARM
		{BF43F500-0F17-46EA-8FA9-0984A91086BC}.Release|x64.ActiveCfg = Release|x64
		{BF43F500-0F17-46EA-8FA9-0984A91086BC}.Release|x64.Build.0 = Release|x64
		{BF43F500-0F17-46EA-8FA9-0984A91086BC}.Release|x86.ActiveCfg = Release|x86
		{BF43F500-0F17-46EA-8FA9-0984A91086BC}.Release|x86.Build.0 = Release|x86
		{47D29EBE-AC12-409D-8057-C764A3B60BA4}.Debug|Any CPU.ActiveCfg = Debug|Any CPU
		{47D29EBE-AC12-409D-8057-C764A3B60BA4}.Debug|Any CPU.Build.0 = Debug|Any CPU
		{47D29EBE-AC12-409D-8057-C764A3B60BA4}.Debug|Any CPU.Deploy.0 = Debug|Any CPU
		{47D29EBE-AC12-409D-8057-C764A3B60BA4}.Debug|ARM.ActiveCfg = Debug|ARM
		{47D29EBE-AC12-409D-8057-C764A3B60BA4}.Debug|ARM.Build.0 = Debug|ARM
		{47D29EBE-AC12-409D-8057-C764A3B60BA4}.Debug|ARM.Deploy.0 = Debug|ARM
		{47D29EBE-AC12-409D-8057-C764A3B60BA4}.Debug|x64.ActiveCfg = Debug|x64
		{47D29EBE-AC12-409D-8057-C764A3B60BA4}.Debug|x64.Build.0 = Debug|x64
		{47D29EBE-AC12-409D-8057-C764A3B60BA4}.Debug|x64.Deploy.0 = Debug|x64
		{47D29EBE-AC12-409D-8057-C764A3B60BA4}.Debug|x86.ActiveCfg = Debug|x86
		{47D29EBE-AC12-409D-8057-C764A3B60BA4}.Debug|x86.Build.0 = Debug|x86
		{47D29EBE-AC12-409D-8057-C764A3B60BA4}.Debug|x86.Deploy.0 = Debug|x86
		{47D29EBE-AC12-409D-8057-C764A3B60BA4}.Release|Any CPU.ActiveCfg = Release|Any CPU
		{47D29EBE-AC12-409D-8057-C764A3B60BA4}.Release|Any CPU.Build.0 = Release|Any CPU
		{47D29EBE-AC12-409D-8057-C764A3B60BA4}.Release|Any CPU.Deploy.0 = Release|Any CPU
		{47D29EBE-AC12-409D-8057-C764A3B60BA4}.Release|ARM.ActiveCfg = Release|ARM
		{47D29EBE-AC12-409D-8057-C764A3B60BA4}.Release|ARM.Build.0 = Release|ARM
		{47D29EBE-AC12-409D-8057-C764A3B60BA4}.Release|ARM.Deploy.0 = Release|ARM
		{47D29EBE-AC12-409D-8057-C764A3B60BA4}.Release|x64.ActiveCfg = Release|x64
		{47D29EBE-AC12-409D-8057-C764A3B60BA4}.Release|x64.Build.0 = Release|x64
		{47D29EBE-AC12-409D-8057-C764A3B60BA4}.Release|x64.Deploy.0 = Release|x64
		{47D29EBE-AC12-409D-8057-C764A3B60BA4}.Release|x86.ActiveCfg = Release|x86
		{47D29EBE-AC12-409D-8057-C764A3B60BA4}.Release|x86.Build.0 = Release|x86
		{47D29EBE-AC12-409D-8057-C764A3B60BA4}.Release|x86.Deploy.0 = Release|x86
	EndGlobalSection
	GlobalSection(SolutionProperties) = preSolution
		HideSolutionNode = FALSE
	EndGlobalSection
EndGlobal
